
Microsoft Visual Studio Solution File, Format Version 12.00
# Visual Studio Version 17
VisualStudioVersion = 17.0.32014.148
MinimumVisualStudioVersion = 10.0.40219.1
Project("{9A19103F-16F7-4668-BE54-9A1E7A4F7556}") = "ClanCommander.ApplicationCore", "src\ClanCommander.ApplicationCore\ClanCommander.ApplicationCore.csproj", "{B656C3BB-B566-4D42-87FD-6FEDFD9BF349}"
EndProject
Project("{9A19103F-16F7-4668-BE54-9A1E7A4F7556}") = "ClanCommander.DiscordBot", "src\ClanCommander.DiscordBot\ClanCommander.DiscordBot.csproj", "{508A7751-83D3-451E-995C-30718B7B7081}"
EndProject
Global
	GlobalSection(SolutionConfigurationPlatforms) = preSolution
		Debug|Any CPU = Debug|Any CPU
		Release|Any CPU = Release|Any CPU
	EndGlobalSection
	GlobalSection(ProjectConfigurationPlatforms) = postSolution
		{B656C3BB-B566-4D42-87FD-6FEDFD9BF349}.Debug|Any CPU.ActiveCfg = Debug|Any CPU
		{B656C3BB-B566-4D42-87FD-6FEDFD9BF349}.Debug|Any CPU.Build.0 = Debug|Any CPU
		{B656C3BB-B566-4D42-87FD-6FEDFD9BF349}.Release|Any CPU.ActiveCfg = Release|Any CPU
		{B656C3BB-B566-4D42-87FD-6FEDFD9BF349}.Release|Any CPU.Build.0 = Release|Any CPU
		{508A7751-83D3-451E-995C-30718B7B7081}.Debug|Any CPU.ActiveCfg = Debug|Any CPU
		{508A7751-83D3-451E-995C-30718B7B7081}.Debug|Any CPU.Build.0 = Debug|Any CPU
		{508A7751-83D3-451E-995C-30718B7B7081}.Release|Any CPU.ActiveCfg = Release|Any CPU
		{508A7751-83D3-451E-995C-30718B7B7081}.Release|Any CPU.Build.0 = Release|Any CPU
	EndGlobalSection
	GlobalSection(SolutionProperties) = preSolution
		HideSolutionNode = FALSE
	EndGlobalSection
	GlobalSection(ExtensibilityGlobals) = postSolution
		SolutionGuid = {1D060DCB-3993-4B00-AC9E-41404C7BAFB3}
	EndGlobalSection
EndGlobal
